
Microsoft Visual Studio Solution File, Format Version 12.00
# Visual Studio Version 17
VisualStudioVersion = 17.8.34330.188
MinimumVisualStudioVersion = 10.0.40219.1
Project("{FAE04EC0-301F-11D3-BF4B-00C04F79EFBC}") = "InheritanceEx", "InheritanceEx\InheritanceEx.csproj", "{BB1297B1-EEF4-4507-8E70-5CEBA99DCAA9}"
EndProject
Project("{FAE04EC0-301F-11D3-BF4B-00C04F79EFBC}") = "InheritanceEx2", "InheritanceEx2\InheritanceEx2.csproj", "{F2D9780A-C6AE-4F28-9B09-ABB1B5FA4EE0}"
EndProject
Global
	GlobalSection(SolutionConfigurationPlatforms) = preSolution
		Debug|Any CPU = Debug|Any CPU
		Release|Any CPU = Release|Any CPU
	EndGlobalSection
	GlobalSection(ProjectConfigurationPlatforms) = postSolution
		{BB1297B1-EEF4-4507-8E70-5CEBA99DCAA9}.Debug|Any CPU.ActiveCfg = Debug|Any CPU
		{BB1297B1-EEF4-4507-8E70-5CEBA99DCAA9}.Debug|Any CPU.Build.0 = Debug|Any CPU
		{BB1297B1-EEF4-4507-8E70-5CEBA99DCAA9}.Release|Any CPU.ActiveCfg = Release|Any CPU
		{BB1297B1-EEF4-4507-8E70-5CEBA99DCAA9}.Release|Any CPU.Build.0 = Release|Any CPU
		{F2D9780A-C6AE-4F28-9B09-ABB1B5FA4EE0}.Debug|Any CPU.ActiveCfg = Debug|Any CPU
		{F2D9780A-C6AE-4F28-9B09-ABB1B5FA4EE0}.Debug|Any CPU.Build.0 = Debug|Any CPU
		{F2D9780A-C6AE-4F28-9B09-ABB1B5FA4EE0}.Release|Any CPU.ActiveCfg = Release|Any CPU
		{F2D9780A-C6AE-4F28-9B09-ABB1B5FA4EE0}.Release|Any CPU.Build.0 = Release|Any CPU
	EndGlobalSection
	GlobalSection(SolutionProperties) = preSolution
		HideSolutionNode = FALSE
	EndGlobalSection
	GlobalSection(ExtensibilityGlobals) = postSolution
		SolutionGuid = {5199452B-8B4E-443D-8111-64A51C30C311}
	EndGlobalSection
EndGlobal
